
Microsoft Visual Studio Solution File, Format Version 12.00
# Visual Studio Version 16
VisualStudioVersion = 16.0.29728.190
MinimumVisualStudioVersion = 10.0.40219.1
Project("{FAE04EC0-301F-11D3-BF4B-00C04F79EFBC}") = "Entities", "Entities\Entities.csproj", "{6F21F016-FE30-4CC4-A6F8-B3130BB702BD}"
EndProject
Project("{FAE04EC0-301F-11D3-BF4B-00C04F79EFBC}") = "DataAccess", "DataAccess\DataAccess.csproj", "{356AA73E-75A9-4EAA-ACE3-ED0518121DCF}"
EndProject
Project("{FAE04EC0-301F-11D3-BF4B-00C04F79EFBC}") = "Business", "Business\Business.csproj", "{CC5807CE-5366-4989-9BC4-0AC65D943C56}"
EndProject
Project("{FAE04EC0-301F-11D3-BF4B-00C04F79EFBC}") = "Core", "Core\Core.csproj", "{FFF62593-FA3D-446B-B896-17D42068C11E}"
EndProject
Project("{FAE04EC0-301F-11D3-BF4B-00C04F79EFBC}") = "WebAPI", "WebAPI\WebAPI.csproj", "{45FF21BE-776E-4FC6-B434-2BD873A061D5}"
EndProject
Global
	GlobalSection(SolutionConfigurationPlatforms) = preSolution
		Debug|Any CPU = Debug|Any CPU
		Release|Any CPU = Release|Any CPU
	EndGlobalSection
	GlobalSection(ProjectConfigurationPlatforms) = postSolution
		{6F21F016-FE30-4CC4-A6F8-B3130BB702BD}.Debug|Any CPU.ActiveCfg = Debug|Any CPU
		{6F21F016-FE30-4CC4-A6F8-B3130BB702BD}.Debug|Any CPU.Build.0 = Debug|Any CPU
		{6F21F016-FE30-4CC4-A6F8-B3130BB702BD}.Release|Any CPU.ActiveCfg = Release|Any CPU
		{6F21F016-FE30-4CC4-A6F8-B3130BB702BD}.Release|Any CPU.Build.0 = Release|Any CPU
		{356AA73E-75A9-4EAA-ACE3-ED0518121DCF}.Debug|Any CPU.ActiveCfg = Debug|Any CPU
		{356AA73E-75A9-4EAA-ACE3-ED0518121DCF}.Debug|Any CPU.Build.0 = Debug|Any CPU
		{356AA73E-75A9-4EAA-ACE3-ED0518121DCF}.Release|Any CPU.ActiveCfg = Release|Any CPU
		{356AA73E-75A9-4EAA-ACE3-ED0518121DCF}.Release|Any CPU.Build.0 = Release|Any CPU
		{CC5807CE-5366-4989-9BC4-0AC65D943C56}.Debug|Any CPU.ActiveCfg = Debug|Any CPU
		{CC5807CE-5366-4989-9BC4-0AC65D943C56}.Debug|Any CPU.Build.0 = Debug|Any CPU
		{CC5807CE-5366-4989-9BC4-0AC65D943C56}.Release|Any CPU.ActiveCfg = Release|Any CPU
		{CC5807CE-5366-4989-9BC4-0AC65D943C56}.Release|Any CPU.Build.0 = Release|Any CPU
		{FFF62593-FA3D-446B-B896-17D42068C11E}.Debug|Any CPU.ActiveCfg = Debug|Any CPU
		{FFF62593-FA3D-446B-B896-17D42068C11E}.Debug|Any CPU.Build.0 = Debug|Any CPU
		{FFF62593-FA3D-446B-B896-17D42068C11E}.Release|Any CPU.ActiveCfg = Release|Any CPU
		{FFF62593-FA3D-446B-B896-17D42068C11E}.Release|Any CPU.Build.0 = Release|Any CPU
		{45FF21BE-776E-4FC6-B434-2BD873A061D5}.Debug|Any CPU.ActiveCfg = Debug|Any CPU
		{45FF21BE-776E-4FC6-B434-2BD873A061D5}.Debug|Any CPU.Build.0 = Debug|Any CPU
		{45FF21BE-776E-4FC6-B434-2BD873A061D5}.Release|Any CPU.ActiveCfg = Release|Any CPU
		{45FF21BE-776E-4FC6-B434-2BD873A061D5}.Release|Any CPU.Build.0 = Release|Any CPU
	EndGlobalSection
	GlobalSection(SolutionProperties) = preSolution
		HideSolutionNode = FALSE
	EndGlobalSection
	GlobalSection(ExtensibilityGlobals) = postSolution
		SolutionGuid = {AC0247A5-8F61-427E-87BD-85431A9222CB}
	EndGlobalSection
EndGlobal
